{
  "name": "surreal-engine-forge-jira",
  "version": "0.1.0",
  "lockfileVersion": 3,
  "requires": true,
  "packages": {
    "": {
      "name": "surreal-engine-forge-jira",
      "version": "0.1.0",
      "license": "MIT",
      "dependencies": {
        "@forge/resolver": "^1.6.15"
      }
    },
    "node_modules/@forge/resolver": {
      "version": "1.8.0",
      "resolved": "https://registry.npmjs.org/@forge/resolver/-/resolver-1.8.0.tgz",
      "integrity": "sha512-n9u8zAijT+MQLogo72xplFLZzcM7BDhQ9tW7qYZFS58/ZHtju76rVupBzSReeCxvo5lL2JTXB9mnFh2N8p2xyw==",
      "license": "SEE LICENSE IN LICENSE.txt"
    }
  }
}
